
Microsoft Visual Studio Solution File, Format Version 12.00
# Visual Studio Version 17
VisualStudioVersion = 17.4.33213.308
MinimumVisualStudioVersion = 10.0.40219.1
Project("{9A19103F-16F7-4668-BE54-9A1E7A4F7556}") = "ConsoleApp", "ConsoleApp\ConsoleApp.csproj", "{3610AE98-286E-4080-99DB-49EC1F2B0DDE}"
EndProject
Project("{9A19103F-16F7-4668-BE54-9A1E7A4F7556}") = "BL", "BL\BL.csproj", "{89EB0AF0-DDF2-462C-86B6-7A9EC0F325AB}"
EndProject
Project("{9A19103F-16F7-4668-BE54-9A1E7A4F7556}") = "DAL", "DAL\DAL.csproj", "{2B8489B5-B7C8-46A8-A1CD-5A24A94B3142}"
EndProject
Project("{9A19103F-16F7-4668-BE54-9A1E7A4F7556}") = "Tests", "Tests\Tests.csproj", "{073496DB-6EF7-4A04-AB11-51ED26CF68EA}"
EndProject
Project("{9A19103F-16F7-4668-BE54-9A1E7A4F7556}") = "IntegrationTests", "IntegrationTests\IntegrationTests.csproj", "{8CFED054-5484-46AC-A710-D1286895E87F}"
EndProject
Project("{9A19103F-16F7-4668-BE54-9A1E7A4F7556}") = "WebAPI", "WebAPI\WebAPI.csproj", "{C461E2CE-1D0D-4A3A-BC16-6C6809AABAB3}"
EndProject
Project("{FAE04EC0-301F-11D3-BF4B-00C04F79EFBC}") = "IdentityServer", "IdentityServer\IdentityServer.csproj", "{DC8D2CE4-CFAE-4174-B9D9-030D6C6D338D}"
EndProject
Global
	GlobalSection(SolutionConfigurationPlatforms) = preSolution
		Debug|Any CPU = Debug|Any CPU
		Release|Any CPU = Release|Any CPU
	EndGlobalSection
	GlobalSection(ProjectConfigurationPlatforms) = postSolution
		{3610AE98-286E-4080-99DB-49EC1F2B0DDE}.Debug|Any CPU.ActiveCfg = Debug|Any CPU
		{3610AE98-286E-4080-99DB-49EC1F2B0DDE}.Debug|Any CPU.Build.0 = Debug|Any CPU
		{3610AE98-286E-4080-99DB-49EC1F2B0DDE}.Release|Any CPU.ActiveCfg = Release|Any CPU
		{3610AE98-286E-4080-99DB-49EC1F2B0DDE}.Release|Any CPU.Build.0 = Release|Any CPU
		{89EB0AF0-DDF2-462C-86B6-7A9EC0F325AB}.Debug|Any CPU.ActiveCfg = Debug|Any CPU
		{89EB0AF0-DDF2-462C-86B6-7A9EC0F325AB}.Debug|Any CPU.Build.0 = Debug|Any CPU
		{89EB0AF0-DDF2-462C-86B6-7A9EC0F325AB}.Release|Any CPU.ActiveCfg = Release|Any CPU
		{89EB0AF0-DDF2-462C-86B6-7A9EC0F325AB}.Release|Any CPU.Build.0 = Release|Any CPU
		{2B8489B5-B7C8-46A8-A1CD-5A24A94B3142}.Debug|Any CPU.ActiveCfg = Debug|Any CPU
		{2B8489B5-B7C8-46A8-A1CD-5A24A94B3142}.Debug|Any CPU.Build.0 = Debug|Any CPU
		{2B8489B5-B7C8-46A8-A1CD-5A24A94B3142}.Release|Any CPU.ActiveCfg = Release|Any CPU
		{2B8489B5-B7C8-46A8-A1CD-5A24A94B3142}.Release|Any CPU.Build.0 = Release|Any CPU
		{073496DB-6EF7-4A04-AB11-51ED26CF68EA}.Debug|Any CPU.ActiveCfg = Debug|Any CPU
		{073496DB-6EF7-4A04-AB11-51ED26CF68EA}.Debug|Any CPU.Build.0 = Debug|Any CPU
		{073496DB-6EF7-4A04-AB11-51ED26CF68EA}.Release|Any CPU.ActiveCfg = Release|Any CPU
		{073496DB-6EF7-4A04-AB11-51ED26CF68EA}.Release|Any CPU.Build.0 = Release|Any CPU
		{8CFED054-5484-46AC-A710-D1286895E87F}.Debug|Any CPU.ActiveCfg = Debug|Any CPU
		{8CFED054-5484-46AC-A710-D1286895E87F}.Debug|Any CPU.Build.0 = Debug|Any CPU
		{8CFED054-5484-46AC-A710-D1286895E87F}.Release|Any CPU.ActiveCfg = Release|Any CPU
		{8CFED054-5484-46AC-A710-D1286895E87F}.Release|Any CPU.Build.0 = Release|Any CPU
		{C461E2CE-1D0D-4A3A-BC16-6C6809AABAB3}.Debug|Any CPU.ActiveCfg = Debug|Any CPU
		{C461E2CE-1D0D-4A3A-BC16-6C6809AABAB3}.Debug|Any CPU.Build.0 = Debug|Any CPU
		{C461E2CE-1D0D-4A3A-BC16-6C6809AABAB3}.Release|Any CPU.ActiveCfg = Release|Any CPU
		{C461E2CE-1D0D-4A3A-BC16-6C6809AABAB3}.Release|Any CPU.Build.0 = Release|Any CPU
		{DC8D2CE4-CFAE-4174-B9D9-030D6C6D338D}.Debug|Any CPU.ActiveCfg = Debug|Any CPU
		{DC8D2CE4-CFAE-4174-B9D9-030D6C6D338D}.Debug|Any CPU.Build.0 = Debug|Any CPU
		{DC8D2CE4-CFAE-4174-B9D9-030D6C6D338D}.Release|Any CPU.ActiveCfg = Release|Any CPU
		{DC8D2CE4-CFAE-4174-B9D9-030D6C6D338D}.Release|Any CPU.Build.0 = Release|Any CPU
	EndGlobalSection
	GlobalSection(SolutionProperties) = preSolution
		HideSolutionNode = FALSE
	EndGlobalSection
	GlobalSection(ExtensibilityGlobals) = postSolution
		SolutionGuid = {3BA30DDA-82D4-42A3-88B1-0E72F069D800}
	EndGlobalSection
EndGlobal
